{
	"requires": true,
	"lockfileVersion": 1,
	"dependencies": {
		"lottie-miniprogram": {
			"version": "1.0.11",
			"resolved": "https://registry.npmjs.org/lottie-miniprogram/-/lottie-miniprogram-1.0.11.tgz",
			"integrity": "sha512-NFIFKLyI1IPQf0UemzE0c4eGm6mQsqRwtBsFNkUfM/4vi4MipJcemFDz3RpekkDRxm0jTqrMp6fWEeoq3uHl/Q=="
		},
		"oneutil": {
			"version": "2.3.5",
			"resolved": "https://registry.npmjs.org/oneutil/-/oneutil-2.3.5.tgz",
			"integrity": "sha512-zV819k4zCofHctr4U9Ai7GJab2FpuWDYOnt3k1ja6U2W7oRTPYUeKcPKTrWCnLeCZDzGgc+QlbyhmgSyKwXCkQ=="
		}
	}
}
